
Microsoft Visual Studio Solution File, Format Version 12.00
# Visual Studio Version 17
VisualStudioVersion = 17.4.33103.184
MinimumVisualStudioVersion = 10.0.40219.1
Project("{FAE04EC0-301F-11D3-BF4B-00C04F79EFBC}") = "senai.inlock.webApi", "senai.inlock.webApi\senai.inlock.webApi.csproj", "{729B693F-4C73-4F41-BDDF-23DE480BD769}"
EndProject
Global
	GlobalSection(SolutionConfigurationPlatforms) = preSolution
		Debug|Any CPU = Debug|Any CPU
		Release|Any CPU = Release|Any CPU
	EndGlobalSection
	GlobalSection(ProjectConfigurationPlatforms) = postSolution
		{729B693F-4C73-4F41-BDDF-23DE480BD769}.Debug|Any CPU.ActiveCfg = Debug|Any CPU
		{729B693F-4C73-4F41-BDDF-23DE480BD769}.Debug|Any CPU.Build.0 = Debug|Any CPU
		{729B693F-4C73-4F41-BDDF-23DE480BD769}.Release|Any CPU.ActiveCfg = Release|Any CPU
		{729B693F-4C73-4F41-BDDF-23DE480BD769}.Release|Any CPU.Build.0 = Release|Any CPU
	EndGlobalSection
	GlobalSection(SolutionProperties) = preSolution
		HideSolutionNode = FALSE
	EndGlobalSection
	GlobalSection(ExtensibilityGlobals) = postSolution
		SolutionGuid = {99C8E83E-FABF-4328-B013-2EC81F36F9F0}
	EndGlobalSection
EndGlobal
